
Microsoft Visual Studio Solution File, Format Version 12.00
# Visual Studio Version 16
VisualStudioVersion = 16.0.30330.147
MinimumVisualStudioVersion = 10.0.40219.1
Project("{F184B08F-C81C-45F6-A57F-5ABD9991F28F}") = "Text", "WindowsApp1\Text.vbproj", "{87AD36EC-F24F-47FD-84F2-FA7930A72CA7}"
EndProject
Global
	GlobalSection(SolutionConfigurationPlatforms) = preSolution
		Debug|Any CPU = Debug|Any CPU
		Release|Any CPU = Release|Any CPU
	EndGlobalSection
	GlobalSection(ProjectConfigurationPlatforms) = postSolution
		{87AD36EC-F24F-47FD-84F2-FA7930A72CA7}.Debug|Any CPU.ActiveCfg = Debug|Any CPU
		{87AD36EC-F24F-47FD-84F2-FA7930A72CA7}.Debug|Any CPU.Build.0 = Debug|Any CPU
		{87AD36EC-F24F-47FD-84F2-FA7930A72CA7}.Release|Any CPU.ActiveCfg = Release|Any CPU
		{87AD36EC-F24F-47FD-84F2-FA7930A72CA7}.Release|Any CPU.Build.0 = Release|Any CPU
	EndGlobalSection
	GlobalSection(SolutionProperties) = preSolution
		HideSolutionNode = FALSE
	EndGlobalSection
	GlobalSection(ExtensibilityGlobals) = postSolution
		SolutionGuid = {CAD04C6D-20F5-4AF8-A9CD-D640D7282497}
	EndGlobalSection
EndGlobal
